
Microsoft Visual Studio Solution File, Format Version 12.00
# Visual Studio 2013
VisualStudioVersion = 12.0.40629.0
MinimumVisualStudioVersion = 10.0.40219.1
Project("{8BC9CEB8-8B4A-11D0-8D11-00A0C91BC942}") = "logging", "logging\logging.vcxproj", "{585B25E0-05FC-440D-A2DD-2DC6B08FFC44}"
EndProject
Project("{8BC9CEB8-8B4A-11D0-8D11-00A0C91BC942}") = "io", "io\io.vcxproj", "{3F2E2DA8-F8CE-47B9-9F88-D3F8FF5185EE}"
EndProject
Project("{8BC9CEB8-8B4A-11D0-8D11-00A0C91BC942}") = "cast", "cast\cast.vcxproj", "{9B44EDAC-121A-4782-AD9F-F61D657FA696}"
EndProject
Project("{8BC9CEB8-8B4A-11D0-8D11-00A0C91BC942}") = "checksum", "checksum\checksum.vcxproj", "{0D781EDC-A400-44C8-B3C0-160D083413F1}"
EndProject
Project("{8BC9CEB8-8B4A-11D0-8D11-00A0C91BC942}") = "hash", "hash\hash.vcxproj", "{F8108CA8-1415-4A66-AB8D-A15640491F8C}"
EndProject
Project("{8BC9CEB8-8B4A-11D0-8D11-00A0C91BC942}") = "string", "string\string.vcxproj", "{154A7816-B3CE-404C-BDE1-BA90EF23BC5E}"
EndProject
Project("{8BC9CEB8-8B4A-11D0-8D11-00A0C91BC942}") = "random", "random\random.vcxproj", "{7029D3A7-CE2B-48B5-969D-08BE16A903C3}"
EndProject
Global
	GlobalSection(SolutionConfigurationPlatforms) = preSolution
		Debug|Win32 = Debug|Win32
		Release|Win32 = Release|Win32
	EndGlobalSection
	GlobalSection(ProjectConfigurationPlatforms) = postSolution
		{585B25E0-05FC-440D-A2DD-2DC6B08FFC44}.Debug|Win32.ActiveCfg = Debug|Win32
		{585B25E0-05FC-440D-A2DD-2DC6B08FFC44}.Debug|Win32.Build.0 = Debug|Win32
		{585B25E0-05FC-440D-A2DD-2DC6B08FFC44}.Release|Win32.ActiveCfg = Release|Win32
		{585B25E0-05FC-440D-A2DD-2DC6B08FFC44}.Release|Win32.Build.0 = Release|Win32
		{3F2E2DA8-F8CE-47B9-9F88-D3F8FF5185EE}.Debug|Win32.ActiveCfg = Debug|Win32
		{3F2E2DA8-F8CE-47B9-9F88-D3F8FF5185EE}.Debug|Win32.Build.0 = Debug|Win32
		{3F2E2DA8-F8CE-47B9-9F88-D3F8FF5185EE}.Release|Win32.ActiveCfg = Release|Win32
		{3F2E2DA8-F8CE-47B9-9F88-D3F8FF5185EE}.Release|Win32.Build.0 = Release|Win32
		{9B44EDAC-121A-4782-AD9F-F61D657FA696}.Debug|Win32.ActiveCfg = Debug|Win32
		{9B44EDAC-121A-4782-AD9F-F61D657FA696}.Debug|Win32.Build.0 = Debug|Win32
		{9B44EDAC-121A-4782-AD9F-F61D657FA696}.Release|Win32.ActiveCfg = Release|Win32
		{9B44EDAC-121A-4782-AD9F-F61D657FA696}.Release|Win32.Build.0 = Release|Win32
		{0D781EDC-A400-44C8-B3C0-160D083413F1}.Debug|Win32.ActiveCfg = Debug|Win32
		{0D781EDC-A400-44C8-B3C0-160D083413F1}.Debug|Win32.Build.0 = Debug|Win32
		{0D781EDC-A400-44C8-B3C0-160D083413F1}.Release|Win32.ActiveCfg = Release|Win32
		{0D781EDC-A400-44C8-B3C0-160D083413F1}.Release|Win32.Build.0 = Release|Win32
		{F8108CA8-1415-4A66-AB8D-A15640491F8C}.Debug|Win32.ActiveCfg = Debug|Win32
		{F8108CA8-1415-4A66-AB8D-A15640491F8C}.Debug|Win32.Build.0 = Debug|Win32
		{F8108CA8-1415-4A66-AB8D-A15640491F8C}.Release|Win32.ActiveCfg = Release|Win32
		{F8108CA8-1415-4A66-AB8D-A15640491F8C}.Release|Win32.Build.0 = Release|Win32
		{154A7816-B3CE-404C-BDE1-BA90EF23BC5E}.Debug|Win32.ActiveCfg = Debug|Win32
		{154A7816-B3CE-404C-BDE1-BA90EF23BC5E}.Debug|Win32.Build.0 = Debug|Win32
		{154A7816-B3CE-404C-BDE1-BA90EF23BC5E}.Release|Win32.ActiveCfg = Release|Win32
		{154A7816-B3CE-404C-BDE1-BA90EF23BC5E}.Release|Win32.Build.0 = Release|Win32
		{7029D3A7-CE2B-48B5-969D-08BE16A903C3}.Debug|Win32.ActiveCfg = Debug|Win32
		{7029D3A7-CE2B-48B5-969D-08BE16A903C3}.Debug|Win32.Build.0 = Debug|Win32
		{7029D3A7-CE2B-48B5-969D-08BE16A903C3}.Release|Win32.ActiveCfg = Release|Win32
		{7029D3A7-CE2B-48B5-969D-08BE16A903C3}.Release|Win32.Build.0 = Release|Win32
	EndGlobalSection
	GlobalSection(SolutionProperties) = preSolution
		HideSolutionNode = FALSE
	EndGlobalSection
EndGlobal
